
Microsoft Visual Studio Solution File, Format Version 12.00
# Visual Studio Version 17
VisualStudioVersion = 17.1.32328.378
MinimumVisualStudioVersion = 10.0.40219.1
Project("{FAE04EC0-301F-11D3-BF4B-00C04F79EFBC}") = "MyFirstWebApp", "MyFirstWebApp\MyFirstWebApp.csproj", "{14337BF9-A28C-486E-9E2F-CCD48B64AB6B}"
EndProject
Global
	GlobalSection(SolutionConfigurationPlatforms) = preSolution
		Debug|Any CPU = Debug|Any CPU
		Release|Any CPU = Release|Any CPU
	EndGlobalSection
	GlobalSection(ProjectConfigurationPlatforms) = postSolution
		{14337BF9-A28C-486E-9E2F-CCD48B64AB6B}.Debug|Any CPU.ActiveCfg = Debug|Any CPU
		{14337BF9-A28C-486E-9E2F-CCD48B64AB6B}.Debug|Any CPU.Build.0 = Debug|Any CPU
		{14337BF9-A28C-486E-9E2F-CCD48B64AB6B}.Release|Any CPU.ActiveCfg = Release|Any CPU
		{14337BF9-A28C-486E-9E2F-CCD48B64AB6B}.Release|Any CPU.Build.0 = Release|Any CPU
	EndGlobalSection
	GlobalSection(SolutionProperties) = preSolution
		HideSolutionNode = FALSE
	EndGlobalSection
	GlobalSection(ExtensibilityGlobals) = postSolution
		SolutionGuid = {DBF5B77C-D098-4EB4-8053-B5A0691C6924}
	EndGlobalSection
EndGlobal
